# Generated by pub
# See http://pub.dartlang.org/doc/glossary.html#lockfile
packages:
  async:
    description:
      name: async
      url: "https://pub.dartlang.org"
    source: hosted
    version: "1.13.3"
  charcode:
    description:
      name: charcode
      url: "https://pub.dartlang.org"
    source: hosted
    version: "1.1.1"
  collection:
    description:
      name: collection
      url: "https://pub.dartlang.org"
    source: hosted
    version: "1.14.5"
  concepts:
    description:
      name: concepts
      url: "https://pub.dartlang.org"
    source: hosted
    version: "0.2.0"
  constrain:
    description:
      name: constrain
      url: "https://pub.dartlang.org"
    source: hosted
    version: "0.2.8"
  converters:
    description:
      name: converters
      url: "https://pub.dartlang.org"
    source: hosted
    version: "0.0.3"
  either:
    description:
      name: either
      url: "https://pub.dartlang.org"
    source: hosted
    version: "0.1.8"
  hateoas_models:
    description:
      name: hateoas_models
      url: "https://pub.dartlang.org"
    source: hosted
    version: "0.2.0"
  http_exception:
    description:
      name: http_exception
      url: "https://pub.dartlang.org"
    source: hosted
    version: "0.1.0"
  http_parser:
    description:
      name: http_parser
      url: "https://pub.dartlang.org"
    source: hosted
    version: "3.1.1"
  logging:
    description:
      name: logging
      url: "https://pub.dartlang.org"
    source: hosted
    version: "0.11.3+1"
  matcher:
    description:
      name: matcher
      url: "https://pub.dartlang.org"
    source: hosted
    version: "0.12.1+4"
  option:
    description:
      name: option
      url: "https://pub.dartlang.org"
    source: hosted
    version: "1.2.0"
  path:
    description:
      name: path
      url: "https://pub.dartlang.org"
    source: hosted
    version: "1.5.1"
  quiver:
    description:
      name: quiver
      url: "https://pub.dartlang.org"
    source: hosted
    version: "0.21.4"
  shelf:
    description:
      name: shelf
      url: "https://pub.dartlang.org"
    source: hosted
    version: "0.6.8"
  shelf_bind:
    description:
      name: shelf_bind
      url: "https://pub.dartlang.org"
    source: hosted
    version: "0.9.4"
  shelf_path:
    description:
      name: shelf_path
      url: "https://pub.dartlang.org"
    source: hosted
    version: "0.1.8"
  shelf_rest:
    description:
      name: shelf_rest
      url: "https://pub.dartlang.org"
    source: hosted
    version: "0.3.5"
  shelf_route:
    description:
      name: shelf_route
      url: "https://pub.dartlang.org"
    source: hosted
    version: "0.14.3"
  source_span:
    description:
      name: source_span
      url: "https://pub.dartlang.org"
    source: hosted
    version: "1.4.0"
  stack_trace:
    description:
      name: stack_trace
      url: "https://pub.dartlang.org"
    source: hosted
    version: "1.9.1"
  stream_channel:
    description:
      name: stream_channel
      url: "https://pub.dartlang.org"
    source: hosted
    version: "1.6.3"
  string_scanner:
    description:
      name: string_scanner
      url: "https://pub.dartlang.org"
    source: hosted
    version: "1.0.2"
  typed_data:
    description:
      name: typed_data
      url: "https://pub.dartlang.org"
    source: hosted
    version: "1.1.5"
  uri:
    description:
      name: uri
      url: "https://pub.dartlang.org"
    source: hosted
    version: "0.11.1"
  utf:
    description:
      name: utf
      url: "https://pub.dartlang.org"
    source: hosted
    version: "0.9.0+3"
sdks:
  dart: ">=1.23.0 <2.0.0"
